{
  "version": 4,
  "terraform_version": "1.15.3",
  "serial": 41,
  "lineage": "b0fbe727-2fae-1a95-1c1d-236fdf669575",
  "outputs": {
    "repository_url": {
      "value": "https://github.com/marcel1975/terraform-workshop-repo",
      "type": "string"
    }
  },
  "resources": [
    {
      "mode": "managed",
      "type": "github_repository",
      "name": "this",
      "provider": "provider[\"registry.terraform.io/integrations/github\"]",
      "instances": [
        {
          "schema_version": 1,
          "attributes": {
            "allow_auto_merge": false,
            "allow_forking": true,
            "allow_merge_commit": true,
            "allow_rebase_merge": true,
            "allow_squash_merge": true,
            "allow_update_branch": false,
            "archive_on_destroy": null,
            "archived": false,
            "auto_init": null,
            "default_branch": "main",
            "delete_branch_on_merge": false,
            "description": "A terrafrom-managed Github repository",
            "etag": "W/\"c259f9329e82af8bfbbb92a4e1d194321a9e8d8e2c592af3f829d997b8e6331c\"",
            "fork": "false",
            "full_name": "marcel1975/terraform-workshop-repo",
            "git_clone_url": "git://github.com/marcel1975/terraform-workshop-repo.git",
            "gitignore_template": null,
            "has_discussions": false,
            "has_downloads": false,
            "has_issues": false,
            "has_projects": false,
            "has_wiki": false,
            "homepage_url": "",
            "html_url": "https://github.com/marcel1975/terraform-workshop-repo",
            "http_clone_url": "https://github.com/marcel1975/terraform-workshop-repo.git",
            "id": "terraform-workshop-repo",
            "ignore_vulnerability_alerts_during_read": false,
            "is_template": false,
            "license_template": null,
            "merge_commit_message": "PR_TITLE",
            "merge_commit_title": "MERGE_MESSAGE",
            "name": "terraform-workshop-repo",
            "node_id": "R_kgDOSgpPYA",
            "pages": [],
            "primary_language": "",
            "private": false,
            "repo_id": 1242189664,
            "security_and_analysis": [
              {
                "advanced_security": [],
                "code_security": [],
                "secret_scanning": [
                  {
                    "status": "enabled"
                  }
                ],
                "secret_scanning_ai_detection": [],
                "secret_scanning_non_provider_patterns": [],
                "secret_scanning_push_protection": [
                  {
                    "status": "enabled"
                  }
                ]
              }
            ],
            "source_owner": "",
            "source_repo": "",
            "squash_merge_commit_message": "COMMIT_MESSAGES",
            "squash_merge_commit_title": "COMMIT_OR_PR_TITLE",
            "ssh_clone_url": "git@github.com:marcel1975/terraform-workshop-repo.git",
            "svn_url": "https://github.com/marcel1975/terraform-workshop-repo",
            "template": [],
            "topics": [],
            "visibility": "public",
            "vulnerability_alerts": false,
            "web_commit_signoff_required": false
          },
          "sensitive_attributes": [],
          "identity_schema_version": 0,
          "private": "eyJzY2hlbWFfdmVyc2lvbiI6IjEifQ=="
        }
      ]
    }
  ],
  "check_results": null
}
